
Microsoft Visual Studio Solution File, Format Version 12.00
# Visual Studio 16
Project("{FAE04EC0-301F-11D3-BF4B-00C04F79EFBC}") = "Assembly-CSharp", "Assembly-CSharp.csproj", "{A64D5829-955B-E9AA-E84F-004A4E391BA3}"
EndProject
Project("{FAE04EC0-301F-11D3-BF4B-00C04F79EFBC}") = "Assembly-CSharp-Editor", "Assembly-CSharp-Editor.csproj", "{C32954EE-6651-1E2C-5750-8B22F3C6432D}"
EndProject
Global
	GlobalSection(SolutionConfigurationPlatforms) = preSolution
		Debug|Any CPU = Debug|Any CPU
		Release|Any CPU = Release|Any CPU
	EndGlobalSection
	GlobalSection(ProjectConfigurationPlatforms) = postSolution
		{A64D5829-955B-E9AA-E84F-004A4E391BA3}.Debug|Any CPU.ActiveCfg = Debug|Any CPU
		{A64D5829-955B-E9AA-E84F-004A4E391BA3}.Debug|Any CPU.Build.0 = Debug|Any CPU
		{A64D5829-955B-E9AA-E84F-004A4E391BA3}.Release|Any CPU.ActiveCfg = Release|Any CPU
		{A64D5829-955B-E9AA-E84F-004A4E391BA3}.Release|Any CPU.Build.0 = Release|Any CPU
		{C32954EE-6651-1E2C-5750-8B22F3C6432D}.Debug|Any CPU.ActiveCfg = Debug|Any CPU
		{C32954EE-6651-1E2C-5750-8B22F3C6432D}.Debug|Any CPU.Build.0 = Debug|Any CPU
		{C32954EE-6651-1E2C-5750-8B22F3C6432D}.Release|Any CPU.ActiveCfg = Release|Any CPU
		{C32954EE-6651-1E2C-5750-8B22F3C6432D}.Release|Any CPU.Build.0 = Release|Any CPU
	EndGlobalSection
	GlobalSection(SolutionProperties) = preSolution
		HideSolutionNode = FALSE
	EndGlobalSection
	GlobalSection(MonoDevelopProperties) = preSolution
		StartupItem = Assembly-CSharp.csproj
	EndGlobalSection
EndGlobal
